
Microsoft Visual Studio Solution File, Format Version 12.00
# Visual Studio Version 17
VisualStudioVersion = 17.10.34928.147
MinimumVisualStudioVersion = 10.0.40219.1
Project("{FAE04EC0-301F-11D3-BF4B-00C04F79EFBC}") = "6_SwitchYBucles", "6_SwitchYBucles.csproj", "{28B110F6-2844-4831-B328-2531EEA7744D}"
EndProject
Global
	GlobalSection(SolutionConfigurationPlatforms) = preSolution
		Debug|Any CPU = Debug|Any CPU
		Release|Any CPU = Release|Any CPU
	EndGlobalSection
	GlobalSection(ProjectConfigurationPlatforms) = postSolution
		{28B110F6-2844-4831-B328-2531EEA7744D}.Debug|Any CPU.ActiveCfg = Debug|Any CPU
		{28B110F6-2844-4831-B328-2531EEA7744D}.Debug|Any CPU.Build.0 = Debug|Any CPU
		{28B110F6-2844-4831-B328-2531EEA7744D}.Release|Any CPU.ActiveCfg = Release|Any CPU
		{28B110F6-2844-4831-B328-2531EEA7744D}.Release|Any CPU.Build.0 = Release|Any CPU
	EndGlobalSection
	GlobalSection(SolutionProperties) = preSolution
		HideSolutionNode = FALSE
	EndGlobalSection
	GlobalSection(ExtensibilityGlobals) = postSolution
		SolutionGuid = {EF660959-5790-4FAA-8BAD-403CE753989F}
	EndGlobalSection
EndGlobal
